
Microsoft Visual Studio Solution File, Format Version 12.00
# Visual Studio Version 17
VisualStudioVersion = 17.10.35122.118
MinimumVisualStudioVersion = 10.0.40219.1
Project("{FAE04EC0-301F-11D3-BF4B-00C04F79EFBC}") = "Sum of multiples", "Sum of multiples\Sum of multiples.csproj", "{95D38409-2906-49AA-BC0B-F8C28C40BAB7}"
EndProject
Global
	GlobalSection(SolutionConfigurationPlatforms) = preSolution
		Debug|Any CPU = Debug|Any CPU
		Release|Any CPU = Release|Any CPU
	EndGlobalSection
	GlobalSection(ProjectConfigurationPlatforms) = postSolution
		{95D38409-2906-49AA-BC0B-F8C28C40BAB7}.Debug|Any CPU.ActiveCfg = Debug|Any CPU
		{95D38409-2906-49AA-BC0B-F8C28C40BAB7}.Debug|Any CPU.Build.0 = Debug|Any CPU
		{95D38409-2906-49AA-BC0B-F8C28C40BAB7}.Release|Any CPU.ActiveCfg = Release|Any CPU
		{95D38409-2906-49AA-BC0B-F8C28C40BAB7}.Release|Any CPU.Build.0 = Release|Any CPU
	EndGlobalSection
	GlobalSection(SolutionProperties) = preSolution
		HideSolutionNode = FALSE
	EndGlobalSection
	GlobalSection(ExtensibilityGlobals) = postSolution
		SolutionGuid = {14AC3581-AA62-45E0-A48E-C4C8664B0A62}
	EndGlobalSection
EndGlobal
